
Microsoft Visual Studio Solution File, Format Version 12.00
# Visual Studio Version 16
VisualStudioVersion = 16.0.29123.88
MinimumVisualStudioVersion = 10.0.40219.1
Project("{FAE04EC0-301F-11D3-BF4B-00C04F79EFBC}") = "DarkSky", "DarkSky\DarkSky.csproj", "{904D160F-BBC5-4531-AD07-B36E0F136A07}"
EndProject
Global
	GlobalSection(SolutionConfigurationPlatforms) = preSolution
		Debug|Any CPU = Debug|Any CPU
		Release|Any CPU = Release|Any CPU
	EndGlobalSection
	GlobalSection(ProjectConfigurationPlatforms) = postSolution
		{904D160F-BBC5-4531-AD07-B36E0F136A07}.Debug|Any CPU.ActiveCfg = Debug|Any CPU
		{904D160F-BBC5-4531-AD07-B36E0F136A07}.Debug|Any CPU.Build.0 = Debug|Any CPU
		{904D160F-BBC5-4531-AD07-B36E0F136A07}.Release|Any CPU.ActiveCfg = Release|Any CPU
		{904D160F-BBC5-4531-AD07-B36E0F136A07}.Release|Any CPU.Build.0 = Release|Any CPU
	EndGlobalSection
	GlobalSection(SolutionProperties) = preSolution
		HideSolutionNode = FALSE
	EndGlobalSection
	GlobalSection(ExtensibilityGlobals) = postSolution
		SolutionGuid = {360391AD-E272-4966-92C6-A0253F5EA517}
	EndGlobalSection
EndGlobal
